{
  "name": "dd-charts-demo",
  "version": "1.0.0",
  "lockfileVersion": 1,
  "requires": true,
  "dependencies": {
    "@antv/f2": {
      "version": "3.1.17",
      "resolved": "https://registry.npmjs.org/@antv/f2/-/f2-3.1.17.tgz",
      "integrity": "sha512-BpZyyb/tNZnO+9n3McHsKpIIODmxKKz0Te42eqMDCRbfKa8OqlK0o9SEU0H7uJ+uMzWxcrG8sBgxl4ZuJxp1Hw==",
      "requires": {
        "fecha": "~2.3.1",
        "hammerjs": "^2.0.8"
      }
    },
    "@antv/my-f2": {
      "version": "1.0.0",
      "resolved": "https://registry.npmjs.org/@antv/my-f2/-/my-f2-1.0.0.tgz",
      "integrity": "sha512-NueqW4hi9nXKS1onhi059ts+Z24PjQwmufQVHnH4Cf3rGsSuHn07UgeSxMaNOGqzsmDTY0Rs+vc0iEagzH/1tg==",
      "requires": {
        "@antv/f2": "~3.1.15",
        "wolfy87-eventemitter": "^5.2.4"
      }
    },
    "dd-charts": {
      "version": "1.0.4",
      "resolved": "https://registry.npmjs.org/dd-charts/-/dd-charts-1.0.4.tgz",
      "integrity": "sha512-j/mKIanOrVaK+TBSQwQnMbCujg+dyTAPzgSp+GFQJmMA6oIcLvgE9QhucWlp/86UcrlfIqzWdZjDBgIQpstoEA==",
      "requires": {
        "@antv/my-f2": "^1.0.0"
      }
    },
    "fecha": {
      "version": "2.3.3",
      "resolved": "https://registry.npmjs.org/fecha/-/fecha-2.3.3.tgz",
      "integrity": "sha512-lUGBnIamTAwk4znq5BcqsDaxSmZ9nDVJaij6NvRt/Tg4R69gERA+otPKbS86ROw9nxVMw2/mp1fnaiWqbs6Sdg=="
    },
    "hammerjs": {
      "version": "2.0.8",
      "resolved": "https://registry.npmjs.org/hammerjs/-/hammerjs-2.0.8.tgz",
      "integrity": "sha1-BO93hiz/K7edMPdpIJWTAiK/YPE="
    },
    "wolfy87-eventemitter": {
      "version": "5.2.5",
      "resolved": "https://registry.npmjs.org/wolfy87-eventemitter/-/wolfy87-eventemitter-5.2.5.tgz",
      "integrity": "sha512-1Og5JkuMNZfZcDn76HM1ktUqG8MOMWKpaGdExM1pcTloUNSBkx4Mti3/jRKSTt1vI3P7S8BTkFogqMbc7m3A7Q=="
    }
  }
}
